// !$*UTF8*$!
{
	archiveVersion = 1;
	classes = {
	};
	objectVersion = 56;
	objects = {

/* Begin PBXBuildFile section */
		B95870C52B5D7A2D00BCD597 /* PasswordFieldViewUITests.swift in Sources */ = {isa = PBXBuildFile; fileRef = B95870C42B5D7A2D00BCD597 /* PasswordFieldViewUITests.swift */; };
		B95870C72B5D7CDB00BCD597 /* LoginButtonViewUITests.swift in Sources */ = {isa = PBXBuildFile; fileRef = B95870C62B5D7CDB00BCD597 /* LoginButtonViewUITests.swift */; };
		B95870CC2B5DEA8600BCD597 /* Constants.swift in Sources */ = {isa = PBXBuildFile; fileRef = B95870CB2B5DEA8600BCD597 /* Constants.swift */; };
		B95870CD2B5DEA8600BCD597 /* Constants.swift in Sources */ = {isa = PBXBuildFile; fileRef = B95870CB2B5DEA8600BCD597 /* Constants.swift */; };
		B95870D02B5DF1D300BCD597 /* NetworkService.swift in Sources */ = {isa = PBXBuildFile; fileRef = B95870CF2B5DF1D300BCD597 /* NetworkService.swift */; };
		B95870D12B5DF1D300BCD597 /* NetworkService.swift in Sources */ = {isa = PBXBuildFile; fileRef = B95870CF2B5DF1D300BCD597 /* NetworkService.swift */; };
		B95870D42B5DF33100BCD597 /* AppKeyResponseModel.swift in Sources */ = {isa = PBXBuildFile; fileRef = B95870D32B5DF33100BCD597 /* AppKeyResponseModel.swift */; };
		B95870D52B5DF33100BCD597 /* AppKeyResponseModel.swift in Sources */ = {isa = PBXBuildFile; fileRef = B95870D32B5DF33100BCD597 /* AppKeyResponseModel.swift */; };
		B96973542B61EE8800DC68D1 /* OauthKeyResponseModel.swift in Sources */ = {isa = PBXBuildFile; fileRef = B96973532B61EE8800DC68D1 /* OauthKeyResponseModel.swift */; };
		B96973552B61EE8800DC68D1 /* OauthKeyResponseModel.swift in Sources */ = {isa = PBXBuildFile; fileRef = B96973532B61EE8800DC68D1 /* OauthKeyResponseModel.swift */; };
		B96973572B61FB7300DC68D1 /* SessKeyResponseModel.swift in Sources */ = {isa = PBXBuildFile; fileRef = B96973562B61FB7300DC68D1 /* SessKeyResponseModel.swift */; };
		B96973582B61FB7300DC68D1 /* SessKeyResponseModel.swift in Sources */ = {isa = PBXBuildFile; fileRef = B96973562B61FB7300DC68D1 /* SessKeyResponseModel.swift */; };
		B9697D782B67104B004845C6 /* AppKeyViewModelTests.swift in Sources */ = {isa = PBXBuildFile; fileRef = B9697D772B67104B004845C6 /* AppKeyViewModelTests.swift */; };
		B9697D7A2B67191B004845C6 /* OauthKeyViewModelTests.swift in Sources */ = {isa = PBXBuildFile; fileRef = B9697D792B67191B004845C6 /* OauthKeyViewModelTests.swift */; };
		B98CC5732B5D6CD200E15FAD /* EmailFieldViewUITests.swift in Sources */ = {isa = PBXBuildFile; fileRef = B98CC5722B5D6CD200E15FAD /* EmailFieldViewUITests.swift */; };
		B993FF952B62BD5D006C6BA7 /* AppKeyViewModel.swift in Sources */ = {isa = PBXBuildFile; fileRef = B993FF942B62BD5D006C6BA7 /* AppKeyViewModel.swift */; };
		B993FF962B62BD5D006C6BA7 /* AppKeyViewModel.swift in Sources */ = {isa = PBXBuildFile; fileRef = B993FF942B62BD5D006C6BA7 /* AppKeyViewModel.swift */; };
		B993FF982B62CAEE006C6BA7 /* OauthKeyViewModel.swift in Sources */ = {isa = PBXBuildFile; fileRef = B993FF972B62CAEE006C6BA7 /* OauthKeyViewModel.swift */; };
		B993FF992B62CAEE006C6BA7 /* OauthKeyViewModel.swift in Sources */ = {isa = PBXBuildFile; fileRef = B993FF972B62CAEE006C6BA7 /* OauthKeyViewModel.swift */; };
		B993FF9B2B62D45E006C6BA7 /* SessionKeyViewModel.swift in Sources */ = {isa = PBXBuildFile; fileRef = B993FF9A2B62D45E006C6BA7 /* SessionKeyViewModel.swift */; };
		B993FF9C2B62D45E006C6BA7 /* SessionKeyViewModel.swift in Sources */ = {isa = PBXBuildFile; fileRef = B993FF9A2B62D45E006C6BA7 /* SessionKeyViewModel.swift */; };
		B993FFA32B635411006C6BA7 /* FeedbackAuthViewModel.swift in Sources */ = {isa = PBXBuildFile; fileRef = B993FFA22B635411006C6BA7 /* FeedbackAuthViewModel.swift */; };
		B993FFA42B635411006C6BA7 /* FeedbackAuthViewModel.swift in Sources */ = {isa = PBXBuildFile; fileRef = B993FFA22B635411006C6BA7 /* FeedbackAuthViewModel.swift */; };
		B9D728542B608729008F0EB4 /* MockURLProtocol.swift in Sources */ = {isa = PBXBuildFile; fileRef = B9D728532B608729008F0EB4 /* MockURLProtocol.swift */; };
		B9D728582B608D8F008F0EB4 /* NetworkServiceTests.swift in Sources */ = {isa = PBXBuildFile; fileRef = B9D728572B608D8F008F0EB4 /* NetworkServiceTests.swift */; };
		B9D8C3DE2B5C20E60089D95A /* IOSAppTimetonicApp.swift in Sources */ = {isa = PBXBuildFile; fileRef = B9D8C3DD2B5C20E60089D95A /* IOSAppTimetonicApp.swift */; };
		B9D8C3E02B5C20E60089D95A /* ContentView.swift in Sources */ = {isa = PBXBuildFile; fileRef = B9D8C3DF2B5C20E60089D95A /* ContentView.swift */; };
		B9D8C3E22B5C20E70089D95A /* Assets.xcassets in Resources */ = {isa = PBXBuildFile; fileRef = B9D8C3E12B5C20E70089D95A /* Assets.xcassets */; };
		B9D8C3E52B5C20E70089D95A /* Preview Assets.xcassets in Resources */ = {isa = PBXBuildFile; fileRef = B9D8C3E42B5C20E70089D95A /* Preview Assets.xcassets */; };
		B9D8C3EF2B5C20E70089D95A /* IOSAppTimetonicTests.swift in Sources */ = {isa = PBXBuildFile; fileRef = B9D8C3EE2B5C20E70089D95A /* IOSAppTimetonicTests.swift */; };
		B9D8C3F92B5C20E70089D95A /* IOSAppTimetonicUITests.swift in Sources */ = {isa = PBXBuildFile; fileRef = B9D8C3F82B5C20E70089D95A /* IOSAppTimetonicUITests.swift */; };
		B9D8C3FB2B5C20E70089D95A /* IOSAppTimetonicUITestsLaunchTests.swift in Sources */ = {isa = PBXBuildFile; fileRef = B9D8C3FA2B5C20E70089D95A /* IOSAppTimetonicUITestsLaunchTests.swift */; };
		B9D8C40A2B5C22290089D95A /* LoginModel.swift in Sources */ = {isa = PBXBuildFile; fileRef = B9D8C4092B5C22290089D95A /* LoginModel.swift */; };
		B9D8C40B2B5C22290089D95A /* LoginModel.swift in Sources */ = {isa = PBXBuildFile; fileRef = B9D8C4092B5C22290089D95A /* LoginModel.swift */; };
		B9D8C40E2B5C22630089D95A /* LoginViewModel.swift in Sources */ = {isa = PBXBuildFile; fileRef = B9D8C40D2B5C22630089D95A /* LoginViewModel.swift */; };
		B9D8C40F2B5C22630089D95A /* LoginViewModel.swift in Sources */ = {isa = PBXBuildFile; fileRef = B9D8C40D2B5C22630089D95A /* LoginViewModel.swift */; };
		B9D8C4142B5C6A100089D95A /* LoginView.swift in Sources */ = {isa = PBXBuildFile; fileRef = B9D8C4132B5C6A100089D95A /* LoginView.swift */; };
		B9D8C4182B5C71E90089D95A /* EmailFieldView.swift in Sources */ = {isa = PBXBuildFile; fileRef = B9D8C4172B5C71E90089D95A /* EmailFieldView.swift */; };
		B9D8C41A2B5C72010089D95A /* PasswordFieldView.swift in Sources */ = {isa = PBXBuildFile; fileRef = B9D8C4192B5C72010089D95A /* PasswordFieldView.swift */; };
		B9D8C41C2B5C90C20089D95A /* LoginButtonView.swift in Sources */ = {isa = PBXBuildFile; fileRef = B9D8C41B2B5C90C20089D95A /* LoginButtonView.swift */; };
		B9D8C4202B5CA75C0089D95A /* EmailValidator.swift in Sources */ = {isa = PBXBuildFile; fileRef = B9D8C41F2B5CA75C0089D95A /* EmailValidator.swift */; };
		B9D8C4212B5CA75C0089D95A /* EmailValidator.swift in Sources */ = {isa = PBXBuildFile; fileRef = B9D8C41F2B5CA75C0089D95A /* EmailValidator.swift */; };
		B9D8C4232B5CA76D0089D95A /* PasswordValidator.swift in Sources */ = {isa = PBXBuildFile; fileRef = B9D8C4222B5CA76D0089D95A /* PasswordValidator.swift */; };
		B9D8C4242B5CA76D0089D95A /* PasswordValidator.swift in Sources */ = {isa = PBXBuildFile; fileRef = B9D8C4222B5CA76D0089D95A /* PasswordValidator.swift */; };
		B9D8C4292B5CBFC60089D95A /* EmailValidatorTests.swift in Sources */ = {isa = PBXBuildFile; fileRef = B9D8C4282B5CBFC60089D95A /* EmailValidatorTests.swift */; };
		B9D8C42B2B5CC48A0089D95A /* PasswordValidatorTests.swift in Sources */ = {isa = PBXBuildFile; fileRef = B9D8C42A2B5CC48A0089D95A /* PasswordValidatorTests.swift */; };
		B9D8C42D2B5CC50E0089D95A /* LoginViewModelTests.swift in Sources */ = {isa = PBXBuildFile; fileRef = B9D8C42C2B5CC50E0089D95A /* LoginViewModelTests.swift */; };
/* End PBXBuildFile section */

/* Begin PBXContainerItemProxy section */
		B9D8C3EB2B5C20E70089D95A /* PBXContainerItemProxy */ = {
			isa = PBXContainerItemProxy;
			containerPortal = B9D8C3D22B5C20E60089D95A /* Project object */;
			proxyType = 1;
			remoteGlobalIDString = B9D8C3D92B5C20E60089D95A;
			remoteInfo = IOSAppTimetonic;
		};
		B9D8C3F52B5C20E70089D95A /* PBXContainerItemProxy */ = {
			isa = PBXContainerItemProxy;
			containerPortal = B9D8C3D22B5C20E60089D95A /* Project object */;
			proxyType = 1;
			remoteGlobalIDString = B9D8C3D92B5C20E60089D95A;
			remoteInfo = IOSAppTimetonic;
		};
/* End PBXContainerItemProxy section */

/* Begin PBXFileReference section */
		B95870C42B5D7A2D00BCD597 /* PasswordFieldViewUITests.swift */ = {isa = PBXFileReference; lastKnownFileType = sourcecode.swift; path = PasswordFieldViewUITests.swift; sourceTree = "<group>"; };
		B95870C62B5D7CDB00BCD597 /* LoginButtonViewUITests.swift */ = {isa = PBXFileReference; lastKnownFileType = sourcecode.swift; path = LoginButtonViewUITests.swift; sourceTree = "<group>"; };
		B95870CB2B5DEA8600BCD597 /* Constants.swift */ = {isa = PBXFileReference; lastKnownFileType = sourcecode.swift; path = Constants.swift; sourceTree = "<group>"; };
		B95870CF2B5DF1D300BCD597 /* NetworkService.swift */ = {isa = PBXFileReference; lastKnownFileType = sourcecode.swift; path = NetworkService.swift; sourceTree = "<group>"; };
		B95870D32B5DF33100BCD597 /* AppKeyResponseModel.swift */ = {isa = PBXFileReference; lastKnownFileType = sourcecode.swift; path = AppKeyResponseModel.swift; sourceTree = "<group>"; };
		B96973532B61EE8800DC68D1 /* OauthKeyResponseModel.swift */ = {isa = PBXFileReference; lastKnownFileType = sourcecode.swift; path = OauthKeyResponseModel.swift; sourceTree = "<group>"; };
		B96973562B61FB7300DC68D1 /* SessKeyResponseModel.swift */ = {isa = PBXFileReference; lastKnownFileType = sourcecode.swift; path = SessKeyResponseModel.swift; sourceTree = "<group>"; };
		B9697D772B67104B004845C6 /* AppKeyViewModelTests.swift */ = {isa = PBXFileReference; lastKnownFileType = sourcecode.swift; path = AppKeyViewModelTests.swift; sourceTree = "<group>"; };
		B9697D792B67191B004845C6 /* OauthKeyViewModelTests.swift */ = {isa = PBXFileReference; lastKnownFileType = sourcecode.swift; path = OauthKeyViewModelTests.swift; sourceTree = "<group>"; };
		B98CC5722B5D6CD200E15FAD /* EmailFieldViewUITests.swift */ = {isa = PBXFileReference; lastKnownFileType = sourcecode.swift; path = EmailFieldViewUITests.swift; sourceTree = "<group>"; };
		B993FF942B62BD5D006C6BA7 /* AppKeyViewModel.swift */ = {isa = PBXFileReference; lastKnownFileType = sourcecode.swift; path = AppKeyViewModel.swift; sourceTree = "<group>"; };
		B993FF972B62CAEE006C6BA7 /* OauthKeyViewModel.swift */ = {isa = PBXFileReference; lastKnownFileType = sourcecode.swift; path = OauthKeyViewModel.swift; sourceTree = "<group>"; };
		B993FF9A2B62D45E006C6BA7 /* SessionKeyViewModel.swift */ = {isa = PBXFileReference; lastKnownFileType = sourcecode.swift; path = SessionKeyViewModel.swift; sourceTree = "<group>"; };
		B993FFA22B635411006C6BA7 /* FeedbackAuthViewModel.swift */ = {isa = PBXFileReference; lastKnownFileType = sourcecode.swift; path = FeedbackAuthViewModel.swift; sourceTree = "<group>"; };
		B9D728532B608729008F0EB4 /* MockURLProtocol.swift */ = {isa = PBXFileReference; lastKnownFileType = sourcecode.swift; path = MockURLProtocol.swift; sourceTree = "<group>"; };
		B9D728572B608D8F008F0EB4 /* NetworkServiceTests.swift */ = {isa = PBXFileReference; lastKnownFileType = sourcecode.swift; path = NetworkServiceTests.swift; sourceTree = "<group>"; };
		B9D8C3DA2B5C20E60089D95A /* IOSAppTimetonic.app */ = {isa = PBXFileReference; explicitFileType = wrapper.application; includeInIndex = 0; path = IOSAppTimetonic.app; sourceTree = BUILT_PRODUCTS_DIR; };
		B9D8C3DD2B5C20E60089D95A /* IOSAppTimetonicApp.swift */ = {isa = PBXFileReference; lastKnownFileType = sourcecode.swift; path = IOSAppTimetonicApp.swift; sourceTree = "<group>"; };
		B9D8C3DF2B5C20E60089D95A /* ContentView.swift */ = {isa = PBXFileReference; lastKnownFileType = sourcecode.swift; path = ContentView.swift; sourceTree = "<group>"; };
		B9D8C3E12B5C20E70089D95A /* Assets.xcassets */ = {isa = PBXFileReference; lastKnownFileType = folder.assetcatalog; path = Assets.xcassets; sourceTree = "<group>"; };
		B9D8C3E42B5C20E70089D95A /* Preview Assets.xcassets */ = {isa = PBXFileReference; lastKnownFileType = folder.assetcatalog; path = "Preview Assets.xcassets"; sourceTree = "<group>"; };
		B9D8C3EA2B5C20E70089D95A /* IOSAppTimetonicTests.xctest */ = {isa = PBXFileReference; explicitFileType = wrapper.cfbundle; includeInIndex = 0; path = IOSAppTimetonicTests.xctest; sourceTree = BUILT_PRODUCTS_DIR; };
		B9D8C3EE2B5C20E70089D95A /* IOSAppTimetonicTests.swift */ = {isa = PBXFileReference; lastKnownFileType = sourcecode.swift; path = IOSAppTimetonicTests.swift; sourceTree = "<group>"; };
		B9D8C3F42B5C20E70089D95A /* IOSAppTimetonicUITests.xctest */ = {isa = PBXFileReference; explicitFileType = wrapper.cfbundle; includeInIndex = 0; path = IOSAppTimetonicUITests.xctest; sourceTree = BUILT_PRODUCTS_DIR; };
		B9D8C3F82B5C20E70089D95A /* IOSAppTimetonicUITests.swift */ = {isa = PBXFileReference; lastKnownFileType = sourcecode.swift; path = IOSAppTimetonicUITests.swift; sourceTree = "<group>"; };
		B9D8C3FA2B5C20E70089D95A /* IOSAppTimetonicUITestsLaunchTests.swift */ = {isa = PBXFileReference; lastKnownFileType = sourcecode.swift; path = IOSAppTimetonicUITestsLaunchTests.swift; sourceTree = "<group>"; };
		B9D8C4092B5C22290089D95A /* LoginModel.swift */ = {isa = PBXFileReference; lastKnownFileType = sourcecode.swift; path = LoginModel.swift; sourceTree = "<group>"; };
		B9D8C40D2B5C22630089D95A /* LoginViewModel.swift */ = {isa = PBXFileReference; lastKnownFileType = sourcecode.swift; path = LoginViewModel.swift; sourceTree = "<group>"; };
		B9D8C4132B5C6A100089D95A /* LoginView.swift */ = {isa = PBXFileReference; lastKnownFileType = sourcecode.swift; path = LoginView.swift; sourceTree = "<group>"; };
		B9D8C4172B5C71E90089D95A /* EmailFieldView.swift */ = {isa = PBXFileReference; lastKnownFileType = sourcecode.swift; path = EmailFieldView.swift; sourceTree = "<group>"; };
		B9D8C4192B5C72010089D95A /* PasswordFieldView.swift */ = {isa = PBXFileReference; lastKnownFileType = sourcecode.swift; path = PasswordFieldView.swift; sourceTree = "<group>"; };
		B9D8C41B2B5C90C20089D95A /* LoginButtonView.swift */ = {isa = PBXFileReference; lastKnownFileType = sourcecode.swift; path = LoginButtonView.swift; sourceTree = "<group>"; };
		B9D8C41F2B5CA75C0089D95A /* EmailValidator.swift */ = {isa = PBXFileReference; lastKnownFileType = sourcecode.swift; path = EmailValidator.swift; sourceTree = "<group>"; };
		B9D8C4222B5CA76D0089D95A /* PasswordValidator.swift */ = {isa = PBXFileReference; lastKnownFileType = sourcecode.swift; path = PasswordValidator.swift; sourceTree = "<group>"; };
		B9D8C4282B5CBFC60089D95A /* EmailValidatorTests.swift */ = {isa = PBXFileReference; lastKnownFileType = sourcecode.swift; path = EmailValidatorTests.swift; sourceTree = "<group>"; };
		B9D8C42A2B5CC48A0089D95A /* PasswordValidatorTests.swift */ = {isa = PBXFileReference; lastKnownFileType = sourcecode.swift; path = PasswordValidatorTests.swift; sourceTree = "<group>"; };
		B9D8C42C2B5CC50E0089D95A /* LoginViewModelTests.swift */ = {isa = PBXFileReference; lastKnownFileType = sourcecode.swift; path = LoginViewModelTests.swift; sourceTree = "<group>"; };
/* End PBXFileReference section */

/* Begin PBXFrameworksBuildPhase section */
		B9D8C3D72B5C20E60089D95A /* Frameworks */ = {
			isa = PBXFrameworksBuildPhase;
			buildActionMask = 2147483647;
			files = (
			);
			runOnlyForDeploymentPostprocessing = 0;
		};
		B9D8C3E72B5C20E70089D95A /* Frameworks */ = {
			isa = PBXFrameworksBuildPhase;
			buildActionMask = 2147483647;
			files = (
			);
			runOnlyForDeploymentPostprocessing = 0;
		};
		B9D8C3F12B5C20E70089D95A /* Frameworks */ = {
			isa = PBXFrameworksBuildPhase;
			buildActionMask = 2147483647;
			files = (
			);
			runOnlyForDeploymentPostprocessing = 0;
		};
/* End PBXFrameworksBuildPhase section */

/* Begin PBXGroup section */
		B95870C92B5DE22A00BCD597 /* LoginModels */ = {
			isa = PBXGroup;
			children = (
				B9D8C4092B5C22290089D95A /* LoginModel.swift */,
			);
			path = LoginModels;
			sourceTree = "<group>";
		};
		B95870CA2B5DEA0900BCD597 /* Utilities */ = {
			isa = PBXGroup;
			children = (
				B95870CB2B5DEA8600BCD597 /* Constants.swift */,
			);
			path = Utilities;
			sourceTree = "<group>";
		};
		B95870CE2B5DF1AF00BCD597 /* Services */ = {
			isa = PBXGroup;
			children = (
				B95870CF2B5DF1D300BCD597 /* NetworkService.swift */,
			);
			path = Services;
			sourceTree = "<group>";
		};
		B95870D22B5DF30400BCD597 /* ResponseModels */ = {
			isa = PBXGroup;
			children = (
				B95870D32B5DF33100BCD597 /* AppKeyResponseModel.swift */,
				B96973532B61EE8800DC68D1 /* OauthKeyResponseModel.swift */,
				B96973562B61FB7300DC68D1 /* SessKeyResponseModel.swift */,
			);
			path = ResponseModels;
			sourceTree = "<group>";
		};
		B9697D762B67101B004845C6 /* NetworkServicesViewModelsTests */ = {
			isa = PBXGroup;
			children = (
				B9697D772B67104B004845C6 /* AppKeyViewModelTests.swift */,
				B9697D792B67191B004845C6 /* OauthKeyViewModelTests.swift */,
			);
			path = NetworkServicesViewModelsTests;
			sourceTree = "<group>";
		};
		B98CC56E2B5D63A600E15FAD /* LoginViews */ = {
			isa = PBXGroup;
			children = (
				B98CC5722B5D6CD200E15FAD /* EmailFieldViewUITests.swift */,
				B95870C42B5D7A2D00BCD597 /* PasswordFieldViewUITests.swift */,
				B95870C62B5D7CDB00BCD597 /* LoginButtonViewUITests.swift */,
			);
			path = LoginViews;
			sourceTree = "<group>";
		};
		B993FF932B62BD11006C6BA7 /* NetworkServicesViewModels */ = {
			isa = PBXGroup;
			children = (
				B993FF942B62BD5D006C6BA7 /* AppKeyViewModel.swift */,
				B993FF972B62CAEE006C6BA7 /* OauthKeyViewModel.swift */,
				B993FF9A2B62D45E006C6BA7 /* SessionKeyViewModel.swift */,
			);
			path = NetworkServicesViewModels;
			sourceTree = "<group>";
		};
		B993FFA12B6353D5006C6BA7 /* FeedbackAuthViewModel */ = {
			isa = PBXGroup;
			children = (
				B993FFA22B635411006C6BA7 /* FeedbackAuthViewModel.swift */,
			);
			path = FeedbackAuthViewModel;
			sourceTree = "<group>";
		};
		B9D728522B6086DA008F0EB4 /* ServicesTests */ = {
			isa = PBXGroup;
			children = (
				B9D728532B608729008F0EB4 /* MockURLProtocol.swift */,
				B9D728572B608D8F008F0EB4 /* NetworkServiceTests.swift */,
			);
			path = ServicesTests;
			sourceTree = "<group>";
		};
		B9D8C3D12B5C20E60089D95A = {
			isa = PBXGroup;
			children = (
				B9D8C3DC2B5C20E60089D95A /* IOSAppTimetonic */,
				B9D8C3ED2B5C20E70089D95A /* IOSAppTimetonicTests */,
				B9D8C3F72B5C20E70089D95A /* IOSAppTimetonicUITests */,
				B9D8C3DB2B5C20E60089D95A /* Products */,
			);
			sourceTree = "<group>";
		};
		B9D8C3DB2B5C20E60089D95A /* Products */ = {
			isa = PBXGroup;
			children = (
				B9D8C3DA2B5C20E60089D95A /* IOSAppTimetonic.app */,
				B9D8C3EA2B5C20E70089D95A /* IOSAppTimetonicTests.xctest */,
				B9D8C3F42B5C20E70089D95A /* IOSAppTimetonicUITests.xctest */,
			);
			name = Products;
			sourceTree = "<group>";
		};
		B9D8C3DC2B5C20E60089D95A /* IOSAppTimetonic */ = {
			isa = PBXGroup;
			children = (
				B9D8C3DD2B5C20E60089D95A /* IOSAppTimetonicApp.swift */,
				B95870CE2B5DF1AF00BCD597 /* Services */,
				B95870CA2B5DEA0900BCD597 /* Utilities */,
				B9D8C4082B5C21ED0089D95A /* Models */,
				B9D8C4072B5C21C40089D95A /* Views */,
				B9D8C40C2B5C22340089D95A /* ViewModels */,
				B9D8C3E12B5C20E70089D95A /* Assets.xcassets */,
				B9D8C3E32B5C20E70089D95A /* Preview Content */,
			);
			path = IOSAppTimetonic;
			sourceTree = "<group>";
		};
		B9D8C3E32B5C20E70089D95A /* Preview Content */ = {
			isa = PBXGroup;
			children = (
				B9D8C3E42B5C20E70089D95A /* Preview Assets.xcassets */,
			);
			path = "Preview Content";
			sourceTree = "<group>";
		};
		B9D8C3ED2B5C20E70089D95A /* IOSAppTimetonicTests */ = {
			isa = PBXGroup;
			children = (
				B9D728522B6086DA008F0EB4 /* ServicesTests */,
				B9D8C4252B5CBF570089D95A /* ViewModels */,
				B9D8C3EE2B5C20E70089D95A /* IOSAppTimetonicTests.swift */,
			);
			path = IOSAppTimetonicTests;
			sourceTree = "<group>";
		};
		B9D8C3F72B5C20E70089D95A /* IOSAppTimetonicUITests */ = {
			isa = PBXGroup;
			children = (
				B98CC56E2B5D63A600E15FAD /* LoginViews */,
				B9D8C3F82B5C20E70089D95A /* IOSAppTimetonicUITests.swift */,
				B9D8C3FA2B5C20E70089D95A /* IOSAppTimetonicUITestsLaunchTests.swift */,
			);
			path = IOSAppTimetonicUITests;
			sourceTree = "<group>";
		};
		B9D8C4072B5C21C40089D95A /* Views */ = {
			isa = PBXGroup;
			children = (
				B9D8C3DF2B5C20E60089D95A /* ContentView.swift */,
				B9D8C4162B5C71720089D95A /* LoginViews */,
			);
			path = Views;
			sourceTree = "<group>";
		};
		B9D8C4082B5C21ED0089D95A /* Models */ = {
			isa = PBXGroup;
			children = (
				B95870D22B5DF30400BCD597 /* ResponseModels */,
				B95870C92B5DE22A00BCD597 /* LoginModels */,
			);
			path = Models;
			sourceTree = "<group>";
		};
		B9D8C40C2B5C22340089D95A /* ViewModels */ = {
			isa = PBXGroup;
			children = (
				B993FFA12B6353D5006C6BA7 /* FeedbackAuthViewModel */,
				B993FF932B62BD11006C6BA7 /* NetworkServicesViewModels */,
				B9D8C41D2B5CA7160089D95A /* LoginViewModel */,
			);
			path = ViewModels;
			sourceTree = "<group>";
		};
		B9D8C4162B5C71720089D95A /* LoginViews */ = {
			isa = PBXGroup;
			children = (
				B9D8C4132B5C6A100089D95A /* LoginView.swift */,
				B9D8C4172B5C71E90089D95A /* EmailFieldView.swift */,
				B9D8C4192B5C72010089D95A /* PasswordFieldView.swift */,
				B9D8C41B2B5C90C20089D95A /* LoginButtonView.swift */,
			);
			path = LoginViews;
			sourceTree = "<group>";
		};
		B9D8C41D2B5CA7160089D95A /* LoginViewModel */ = {
			isa = PBXGroup;
			children = (
				B9D8C41E2B5CA71E0089D95A /* Validators */,
				B9D8C40D2B5C22630089D95A /* LoginViewModel.swift */,
			);
			path = LoginViewModel;
			sourceTree = "<group>";
		};
		B9D8C41E2B5CA71E0089D95A /* Validators */ = {
			isa = PBXGroup;
			children = (
				B9D8C41F2B5CA75C0089D95A /* EmailValidator.swift */,
				B9D8C4222B5CA76D0089D95A /* PasswordValidator.swift */,
			);
			path = Validators;
			sourceTree = "<group>";
		};
		B9D8C4252B5CBF570089D95A /* ViewModels */ = {
			isa = PBXGroup;
			children = (
				B9697D762B67101B004845C6 /* NetworkServicesViewModelsTests */,
				B9D8C4262B5CBF6E0089D95A /* LoginViewModelTests */,
			);
			path = ViewModels;
			sourceTree = "<group>";
		};
		B9D8C4262B5CBF6E0089D95A /* LoginViewModelTests */ = {
			isa = PBXGroup;
			children = (
				B9D8C4272B5CBF920089D95A /* ValidatorsTests */,
				B9D8C42C2B5CC50E0089D95A /* LoginViewModelTests.swift */,
			);
			path = LoginViewModelTests;
			sourceTree = "<group>";
		};
		B9D8C4272B5CBF920089D95A /* ValidatorsTests */ = {
			isa = PBXGroup;
			children = (
				B9D8C4282B5CBFC60089D95A /* EmailValidatorTests.swift */,
				B9D8C42A2B5CC48A0089D95A /* PasswordValidatorTests.swift */,
			);
			path = ValidatorsTests;
			sourceTree = "<group>";
		};
/* End PBXGroup section */

/* Begin PBXNativeTarget section */
		B9D8C3D92B5C20E60089D95A /* IOSAppTimetonic */ = {
			isa = PBXNativeTarget;
			buildConfigurationList = B9D8C3FE2B5C20E70089D95A /* Build configuration list for PBXNativeTarget "IOSAppTimetonic" */;
			buildPhases = (
				B9D8C3D62B5C20E60089D95A /* Sources */,
				B9D8C3D72B5C20E60089D95A /* Frameworks */,
				B9D8C3D82B5C20E60089D95A /* Resources */,
			);
			buildRules = (
			);
			dependencies = (
			);
			name = IOSAppTimetonic;
			productName = IOSAppTimetonic;
			productReference = B9D8C3DA2B5C20E60089D95A /* IOSAppTimetonic.app */;
			productType = "com.apple.product-type.application";
		};
		B9D8C3E92B5C20E70089D95A /* IOSAppTimetonicTests */ = {
			isa = PBXNativeTarget;
			buildConfigurationList = B9D8C4012B5C20E70089D95A /* Build configuration list for PBXNativeTarget "IOSAppTimetonicTests" */;
			buildPhases = (
				B9D8C3E62B5C20E70089D95A /* Sources */,
				B9D8C3E72B5C20E70089D95A /* Frameworks */,
				B9D8C3E82B5C20E70089D95A /* Resources */,
			);
			buildRules = (
			);
			dependencies = (
				B9D8C3EC2B5C20E70089D95A /* PBXTargetDependency */,
			);
			name = IOSAppTimetonicTests;
			productName = IOSAppTimetonicTests;
			productReference = B9D8C3EA2B5C20E70089D95A /* IOSAppTimetonicTests.xctest */;
			productType = "com.apple.product-type.bundle.unit-test";
		};
		B9D8C3F32B5C20E70089D95A /* IOSAppTimetonicUITests */ = {
			isa = PBXNativeTarget;
			buildConfigurationList = B9D8C4042B5C20E70089D95A /* Build configuration list for PBXNativeTarget "IOSAppTimetonicUITests" */;
			buildPhases = (
				B9D8C3F02B5C20E70089D95A /* Sources */,
				B9D8C3F12B5C20E70089D95A /* Frameworks */,
				B9D8C3F22B5C20E70089D95A /* Resources */,
			);
			buildRules = (
			);
			dependencies = (
				B9D8C3F62B5C20E70089D95A /* PBXTargetDependency */,
			);
			name = IOSAppTimetonicUITests;
			productName = IOSAppTimetonicUITests;
			productReference = B9D8C3F42B5C20E70089D95A /* IOSAppTimetonicUITests.xctest */;
			productType = "com.apple.product-type.bundle.ui-testing";
		};
/* End PBXNativeTarget section */

/* Begin PBXProject section */
		B9D8C3D22B5C20E60089D95A /* Project object */ = {
			isa = PBXProject;
			attributes = {
				BuildIndependentTargetsInParallel = 1;
				LastSwiftUpdateCheck = 1500;
				LastUpgradeCheck = 1500;
				TargetAttributes = {
					B9D8C3D92B5C20E60089D95A = {
						CreatedOnToolsVersion = 15.0.1;
					};
					B9D8C3E92B5C20E70089D95A = {
						CreatedOnToolsVersion = 15.0.1;
						TestTargetID = B9D8C3D92B5C20E60089D95A;
					};
					B9D8C3F32B5C20E70089D95A = {
						CreatedOnToolsVersion = 15.0.1;
						TestTargetID = B9D8C3D92B5C20E60089D95A;
					};
				};
			};
			buildConfigurationList = B9D8C3D52B5C20E60089D95A /* Build configuration list for PBXProject "IOSAppTimetonic" */;
			compatibilityVersion = "Xcode 14.0";
			developmentRegion = en;
			hasScannedForEncodings = 0;
			knownRegions = (
				en,
				Base,
			);
			mainGroup = B9D8C3D12B5C20E60089D95A;
			productRefGroup = B9D8C3DB2B5C20E60089D95A /* Products */;
			projectDirPath = "";
			projectRoot = "";
			targets = (
				B9D8C3D92B5C20E60089D95A /* IOSAppTimetonic */,
				B9D8C3E92B5C20E70089D95A /* IOSAppTimetonicTests */,
				B9D8C3F32B5C20E70089D95A /* IOSAppTimetonicUITests */,
			);
		};
/* End PBXProject section */

/* Begin PBXResourcesBuildPhase section */
		B9D8C3D82B5C20E60089D95A /* Resources */ = {
			isa = PBXResourcesBuildPhase;
			buildActionMask = 2147483647;
			files = (
				B9D8C3E52B5C20E70089D95A /* Preview Assets.xcassets in Resources */,
				B9D8C3E22B5C20E70089D95A /* Assets.xcassets in Resources */,
			);
			runOnlyForDeploymentPostprocessing = 0;
		};
		B9D8C3E82B5C20E70089D95A /* Resources */ = {
			isa = PBXResourcesBuildPhase;
			buildActionMask = 2147483647;
			files = (
			);
			runOnlyForDeploymentPostprocessing = 0;
		};
		B9D8C3F22B5C20E70089D95A /* Resources */ = {
			isa = PBXResourcesBuildPhase;
			buildActionMask = 2147483647;
			files = (
			);
			runOnlyForDeploymentPostprocessing = 0;
		};
/* End PBXResourcesBuildPhase section */

/* Begin PBXSourcesBuildPhase section */
		B9D8C3D62B5C20E60089D95A /* Sources */ = {
			isa = PBXSourcesBuildPhase;
			buildActionMask = 2147483647;
			files = (
				B9D8C41C2B5C90C20089D95A /* LoginButtonView.swift in Sources */,
				B993FF982B62CAEE006C6BA7 /* OauthKeyViewModel.swift in Sources */,
				B95870CC2B5DEA8600BCD597 /* Constants.swift in Sources */,
				B9D8C4182B5C71E90089D95A /* EmailFieldView.swift in Sources */,
				B9D8C4202B5CA75C0089D95A /* EmailValidator.swift in Sources */,
				B993FFA32B635411006C6BA7 /* FeedbackAuthViewModel.swift in Sources */,
				B9D8C41A2B5C72010089D95A /* PasswordFieldView.swift in Sources */,
				B9D8C40E2B5C22630089D95A /* LoginViewModel.swift in Sources */,
				B993FF952B62BD5D006C6BA7 /* AppKeyViewModel.swift in Sources */,
				B9D8C3E02B5C20E60089D95A /* ContentView.swift in Sources */,
				B9D8C40A2B5C22290089D95A /* LoginModel.swift in Sources */,
				B9D8C4232B5CA76D0089D95A /* PasswordValidator.swift in Sources */,
				B9D8C4142B5C6A100089D95A /* LoginView.swift in Sources */,
				B96973542B61EE8800DC68D1 /* OauthKeyResponseModel.swift in Sources */,
				B95870D42B5DF33100BCD597 /* AppKeyResponseModel.swift in Sources */,
				B95870D02B5DF1D300BCD597 /* NetworkService.swift in Sources */,
				B96973572B61FB7300DC68D1 /* SessKeyResponseModel.swift in Sources */,
				B9D8C3DE2B5C20E60089D95A /* IOSAppTimetonicApp.swift in Sources */,
				B993FF9B2B62D45E006C6BA7 /* SessionKeyViewModel.swift in Sources */,
			);
			runOnlyForDeploymentPostprocessing = 0;
		};
		B9D8C3E62B5C20E70089D95A /* Sources */ = {
			isa = PBXSourcesBuildPhase;
			buildActionMask = 2147483647;
			files = (
				B95870D12B5DF1D300BCD597 /* NetworkService.swift in Sources */,
				B993FF992B62CAEE006C6BA7 /* OauthKeyViewModel.swift in Sources */,
				B9D8C3EF2B5C20E70089D95A /* IOSAppTimetonicTests.swift in Sources */,
				B9D8C4212B5CA75C0089D95A /* EmailValidator.swift in Sources */,
				B9697D7A2B67191B004845C6 /* OauthKeyViewModelTests.swift in Sources */,
				B9D728542B608729008F0EB4 /* MockURLProtocol.swift in Sources */,
				B993FFA42B635411006C6BA7 /* FeedbackAuthViewModel.swift in Sources */,
				B9D8C42B2B5CC48A0089D95A /* PasswordValidatorTests.swift in Sources */,
				B9D8C4242B5CA76D0089D95A /* PasswordValidator.swift in Sources */,
				B993FF962B62BD5D006C6BA7 /* AppKeyViewModel.swift in Sources */,
				B9D8C42D2B5CC50E0089D95A /* LoginViewModelTests.swift in Sources */,
				B9D8C4292B5CBFC60089D95A /* EmailValidatorTests.swift in Sources */,
				B95870D52B5DF33100BCD597 /* AppKeyResponseModel.swift in Sources */,
				B9D8C40B2B5C22290089D95A /* LoginModel.swift in Sources */,
				B96973552B61EE8800DC68D1 /* OauthKeyResponseModel.swift in Sources */,
				B9697D782B67104B004845C6 /* AppKeyViewModelTests.swift in Sources */,
				B9D8C40F2B5C22630089D95A /* LoginViewModel.swift in Sources */,
				B9D728582B608D8F008F0EB4 /* NetworkServiceTests.swift in Sources */,
				B96973582B61FB7300DC68D1 /* SessKeyResponseModel.swift in Sources */,
				B95870CD2B5DEA8600BCD597 /* Constants.swift in Sources */,
				B993FF9C2B62D45E006C6BA7 /* SessionKeyViewModel.swift in Sources */,
			);
			runOnlyForDeploymentPostprocessing = 0;
		};
		B9D8C3F02B5C20E70089D95A /* Sources */ = {
			isa = PBXSourcesBuildPhase;
			buildActionMask = 2147483647;
			files = (
				B95870C72B5D7CDB00BCD597 /* LoginButtonViewUITests.swift in Sources */,
				B95870C52B5D7A2D00BCD597 /* PasswordFieldViewUITests.swift in Sources */,
				B98CC5732B5D6CD200E15FAD /* EmailFieldViewUITests.swift in Sources */,
				B9D8C3F92B5C20E70089D95A /* IOSAppTimetonicUITests.swift in Sources */,
				B9D8C3FB2B5C20E70089D95A /* IOSAppTimetonicUITestsLaunchTests.swift in Sources */,
			);
			runOnlyForDeploymentPostprocessing = 0;
		};
/* End PBXSourcesBuildPhase section */

/* Begin PBXTargetDependency section */
		B9D8C3EC2B5C20E70089D95A /* PBXTargetDependency */ = {
			isa = PBXTargetDependency;
			target = B9D8C3D92B5C20E60089D95A /* IOSAppTimetonic */;
			targetProxy = B9D8C3EB2B5C20E70089D95A /* PBXContainerItemProxy */;
		};
		B9D8C3F62B5C20E70089D95A /* PBXTargetDependency */ = {
			isa = PBXTargetDependency;
			target = B9D8C3D92B5C20E60089D95A /* IOSAppTimetonic */;
			targetProxy = B9D8C3F52B5C20E70089D95A /* PBXContainerItemProxy */;
		};
/* End PBXTargetDependency section */

/* Begin XCBuildConfiguration section */
		B9D8C3FC2B5C20E70089D95A /* Debug */ = {
			isa = XCBuildConfiguration;
			buildSettings = {
				ALWAYS_SEARCH_USER_PATHS = NO;
				ASSETCATALOG_COMPILER_GENERATE_SWIFT_ASSET_SYMBOL_EXTENSIONS = YES;
				CLANG_ANALYZER_NONNULL = YES;
				CLANG_ANALYZER_NUMBER_OBJECT_CONVERSION = YES_AGGRESSIVE;
				CLANG_CXX_LANGUAGE_STANDARD = "gnu++20";
				CLANG_ENABLE_MODULES = YES;
				CLANG_ENABLE_OBJC_ARC = YES;
				CLANG_ENABLE_OBJC_WEAK = YES;
				CLANG_WARN_BLOCK_CAPTURE_AUTORELEASING = YES;
				CLANG_WARN_BOOL_CONVERSION = YES;
				CLANG_WARN_COMMA = YES;
				CLANG_WARN_CONSTANT_CONVERSION = YES;
				CLANG_WARN_DEPRECATED_OBJC_IMPLEMENTATIONS = YES;
				CLANG_WARN_DIRECT_OBJC_ISA_USAGE = YES_ERROR;
				CLANG_WARN_DOCUMENTATION_COMMENTS = YES;
				CLANG_WARN_EMPTY_BODY = YES;
				CLANG_WARN_ENUM_CONVERSION = YES;
				CLANG_WARN_INFINITE_RECURSION = YES;
				CLANG_WARN_INT_CONVERSION = YES;
				CLANG_WARN_NON_LITERAL_NULL_CONVERSION = YES;
				CLANG_WARN_OBJC_IMPLICIT_RETAIN_SELF = YES;
				CLANG_WARN_OBJC_LITERAL_CONVERSION = YES;
				CLANG_WARN_OBJC_ROOT_CLASS = YES_ERROR;
				CLANG_WARN_QUOTED_INCLUDE_IN_FRAMEWORK_HEADER = YES;
				CLANG_WARN_RANGE_LOOP_ANALYSIS = YES;
				CLANG_WARN_STRICT_PROTOTYPES = YES;
				CLANG_WARN_SUSPICIOUS_MOVE = YES;
				CLANG_WARN_UNGUARDED_AVAILABILITY = YES_AGGRESSIVE;
				CLANG_WARN_UNREACHABLE_CODE = YES;
				CLANG_WARN__DUPLICATE_METHOD_MATCH = YES;
				COPY_PHASE_STRIP = NO;
				DEBUG_INFORMATION_FORMAT = dwarf;
				ENABLE_STRICT_OBJC_MSGSEND = YES;
				ENABLE_TESTABILITY = YES;
				ENABLE_USER_SCRIPT_SANDBOXING = YES;
				GCC_C_LANGUAGE_STANDARD = gnu17;
				GCC_DYNAMIC_NO_PIC = NO;
				GCC_NO_COMMON_BLOCKS = YES;
				GCC_OPTIMIZATION_LEVEL = 0;
				GCC_PREPROCESSOR_DEFINITIONS = (
					"DEBUG=1",
					"$(inherited)",
				);
				GCC_WARN_64_TO_32_BIT_CONVERSION = YES;
				GCC_WARN_ABOUT_RETURN_TYPE = YES_ERROR;
				GCC_WARN_UNDECLARED_SELECTOR = YES;
				GCC_WARN_UNINITIALIZED_AUTOS = YES_AGGRESSIVE;
				GCC_WARN_UNUSED_FUNCTION = YES;
				GCC_WARN_UNUSED_VARIABLE = YES;
				IPHONEOS_DEPLOYMENT_TARGET = 15.0;
				LOCALIZATION_PREFERS_STRING_CATALOGS = YES;
				MTL_ENABLE_DEBUG_INFO = INCLUDE_SOURCE;
				MTL_FAST_MATH = YES;
				ONLY_ACTIVE_ARCH = YES;
				SDKROOT = iphoneos;
				SWIFT_ACTIVE_COMPILATION_CONDITIONS = "DEBUG $(inherited)";
				SWIFT_OPTIMIZATION_LEVEL = "-Onone";
			};
			name = Debug;
		};
		B9D8C3FD2B5C20E70089D95A /* Release */ = {
			isa = XCBuildConfiguration;
			buildSettings = {
				ALWAYS_SEARCH_USER_PATHS = NO;
				ASSETCATALOG_COMPILER_GENERATE_SWIFT_ASSET_SYMBOL_EXTENSIONS = YES;
				CLANG_ANALYZER_NONNULL = YES;
				CLANG_ANALYZER_NUMBER_OBJECT_CONVERSION = YES_AGGRESSIVE;
				CLANG_CXX_LANGUAGE_STANDARD = "gnu++20";
				CLANG_ENABLE_MODULES = YES;
				CLANG_ENABLE_OBJC_ARC = YES;
				CLANG_ENABLE_OBJC_WEAK = YES;
				CLANG_WARN_BLOCK_CAPTURE_AUTORELEASING = YES;
				CLANG_WARN_BOOL_CONVERSION = YES;
				CLANG_WARN_COMMA = YES;
				CLANG_WARN_CONSTANT_CONVERSION = YES;
				CLANG_WARN_DEPRECATED_OBJC_IMPLEMENTATIONS = YES;
				CLANG_WARN_DIRECT_OBJC_ISA_USAGE = YES_ERROR;
				CLANG_WARN_DOCUMENTATION_COMMENTS = YES;
				CLANG_WARN_EMPTY_BODY = YES;
				CLANG_WARN_ENUM_CONVERSION = YES;
				CLANG_WARN_INFINITE_RECURSION = YES;
				CLANG_WARN_INT_CONVERSION = YES;
				CLANG_WARN_NON_LITERAL_NULL_CONVERSION = YES;
				CLANG_WARN_OBJC_IMPLICIT_RETAIN_SELF = YES;
				CLANG_WARN_OBJC_LITERAL_CONVERSION = YES;
				CLANG_WARN_OBJC_ROOT_CLASS = YES_ERROR;
				CLANG_WARN_QUOTED_INCLUDE_IN_FRAMEWORK_HEADER = YES;
				CLANG_WARN_RANGE_LOOP_ANALYSIS = YES;
				CLANG_WARN_STRICT_PROTOTYPES = YES;
				CLANG_WARN_SUSPICIOUS_MOVE = YES;
				CLANG_WARN_UNGUARDED_AVAILABILITY = YES_AGGRESSIVE;
				CLANG_WARN_UNREACHABLE_CODE = YES;
				CLANG_WARN__DUPLICATE_METHOD_MATCH = YES;
				COPY_PHASE_STRIP = NO;
				DEBUG_INFORMATION_FORMAT = "dwarf-with-dsym";
				ENABLE_NS_ASSERTIONS = NO;
				ENABLE_STRICT_OBJC_MSGSEND = YES;
				ENABLE_USER_SCRIPT_SANDBOXING = YES;
				GCC_C_LANGUAGE_STANDARD = gnu17;
				GCC_NO_COMMON_BLOCKS = YES;
				GCC_WARN_64_TO_32_BIT_CONVERSION = YES;
				GCC_WARN_ABOUT_RETURN_TYPE = YES_ERROR;
				GCC_WARN_UNDECLARED_SELECTOR = YES;
				GCC_WARN_UNINITIALIZED_AUTOS = YES_AGGRESSIVE;
				GCC_WARN_UNUSED_FUNCTION = YES;
				GCC_WARN_UNUSED_VARIABLE = YES;
				IPHONEOS_DEPLOYMENT_TARGET = 15.0;
				LOCALIZATION_PREFERS_STRING_CATALOGS = YES;
				MTL_ENABLE_DEBUG_INFO = NO;
				MTL_FAST_MATH = YES;
				SDKROOT = iphoneos;
				SWIFT_COMPILATION_MODE = wholemodule;
				VALIDATE_PRODUCT = YES;
			};
			name = Release;
		};
		B9D8C3FF2B5C20E70089D95A /* Debug */ = {
			isa = XCBuildConfiguration;
			buildSettings = {
				ASSETCATALOG_COMPILER_APPICON_NAME = AppIcon;
				ASSETCATALOG_COMPILER_GLOBAL_ACCENT_COLOR_NAME = AccentColor;
				CODE_SIGN_STYLE = Automatic;
				CURRENT_PROJECT_VERSION = 1;
				DEVELOPMENT_ASSET_PATHS = "\"IOSAppTimetonic/Preview Content\"";
				DEVELOPMENT_TEAM = 89ND8T3N87;
				ENABLE_PREVIEWS = YES;
				GENERATE_INFOPLIST_FILE = YES;
				INFOPLIST_KEY_UIApplicationSceneManifest_Generation = YES;
				INFOPLIST_KEY_UIApplicationSupportsIndirectInputEvents = YES;
				INFOPLIST_KEY_UILaunchScreen_Generation = YES;
				INFOPLIST_KEY_UISupportedInterfaceOrientations_iPad = "UIInterfaceOrientationPortrait UIInterfaceOrientationPortraitUpsideDown UIInterfaceOrientationLandscapeLeft UIInterfaceOrientationLandscapeRight";
				INFOPLIST_KEY_UISupportedInterfaceOrientations_iPhone = "UIInterfaceOrientationPortrait UIInterfaceOrientationLandscapeLeft UIInterfaceOrientationLandscapeRight";
				IPHONEOS_DEPLOYMENT_TARGET = 15.0;
				LD_RUNPATH_SEARCH_PATHS = (
					"$(inherited)",
					"@executable_path/Frameworks",
				);
				MARKETING_VERSION = 1.0;
				PRODUCT_BUNDLE_IDENTIFIER = com.jaimeAPerez.IOSAppTimetonic;
				PRODUCT_NAME = "$(TARGET_NAME)";
				SWIFT_EMIT_LOC_STRINGS = YES;
				SWIFT_VERSION = 5.0;
				TARGETED_DEVICE_FAMILY = "1,2";
			};
			name = Debug;
		};
		B9D8C4002B5C20E70089D95A /* Release */ = {
			isa = XCBuildConfiguration;
			buildSettings = {
				ASSETCATALOG_COMPILER_APPICON_NAME = AppIcon;
				ASSETCATALOG_COMPILER_GLOBAL_ACCENT_COLOR_NAME = AccentColor;
				CODE_SIGN_STYLE = Automatic;
				CURRENT_PROJECT_VERSION = 1;
				DEVELOPMENT_ASSET_PATHS = "\"IOSAppTimetonic/Preview Content\"";
				DEVELOPMENT_TEAM = 89ND8T3N87;
				ENABLE_PREVIEWS = YES;
				GENERATE_INFOPLIST_FILE = YES;
				INFOPLIST_KEY_UIApplicationSceneManifest_Generation = YES;
				INFOPLIST_KEY_UIApplicationSupportsIndirectInputEvents = YES;
				INFOPLIST_KEY_UILaunchScreen_Generation = YES;
				INFOPLIST_KEY_UISupportedInterfaceOrientations_iPad = "UIInterfaceOrientationPortrait UIInterfaceOrientationPortraitUpsideDown UIInterfaceOrientationLandscapeLeft UIInterfaceOrientationLandscapeRight";
				INFOPLIST_KEY_UISupportedInterfaceOrientations_iPhone = "UIInterfaceOrientationPortrait UIInterfaceOrientationLandscapeLeft UIInterfaceOrientationLandscapeRight";
				IPHONEOS_DEPLOYMENT_TARGET = 15.0;
				LD_RUNPATH_SEARCH_PATHS = (
					"$(inherited)",
					"@executable_path/Frameworks",
				);
				MARKETING_VERSION = 1.0;
				PRODUCT_BUNDLE_IDENTIFIER = com.jaimeAPerez.IOSAppTimetonic;
				PRODUCT_NAME = "$(TARGET_NAME)";
				SWIFT_EMIT_LOC_STRINGS = YES;
				SWIFT_VERSION = 5.0;
				TARGETED_DEVICE_FAMILY = "1,2";
			};
			name = Release;
		};
		B9D8C4022B5C20E70089D95A /* Debug */ = {
			isa = XCBuildConfiguration;
			buildSettings = {
				ALWAYS_EMBED_SWIFT_STANDARD_LIBRARIES = YES;
				BUNDLE_LOADER = "$(TEST_HOST)";
				CODE_SIGN_STYLE = Automatic;
				CURRENT_PROJECT_VERSION = 1;
				DEVELOPMENT_TEAM = 89ND8T3N87;
				GENERATE_INFOPLIST_FILE = YES;
				IPHONEOS_DEPLOYMENT_TARGET = 15.0;
				MARKETING_VERSION = 1.0;
				PRODUCT_BUNDLE_IDENTIFIER = com.jaimeAPerez.IOSAppTimetonicTests;
				PRODUCT_NAME = "$(TARGET_NAME)";
				SWIFT_EMIT_LOC_STRINGS = NO;
				SWIFT_VERSION = 5.0;
				TARGETED_DEVICE_FAMILY = "1,2";
				TEST_HOST = "$(BUILT_PRODUCTS_DIR)/IOSAppTimetonic.app/$(BUNDLE_EXECUTABLE_FOLDER_PATH)/IOSAppTimetonic";
			};
			name = Debug;
		};
		B9D8C4032B5C20E70089D95A /* Release */ = {
			isa = XCBuildConfiguration;
			buildSettings = {
				ALWAYS_EMBED_SWIFT_STANDARD_LIBRARIES = YES;
				BUNDLE_LOADER = "$(TEST_HOST)";
				CODE_SIGN_STYLE = Automatic;
				CURRENT_PROJECT_VERSION = 1;
				DEVELOPMENT_TEAM = 89ND8T3N87;
				GENERATE_INFOPLIST_FILE = YES;
				IPHONEOS_DEPLOYMENT_TARGET = 15.0;
				MARKETING_VERSION = 1.0;
				PRODUCT_BUNDLE_IDENTIFIER = com.jaimeAPerez.IOSAppTimetonicTests;
				PRODUCT_NAME = "$(TARGET_NAME)";
				SWIFT_EMIT_LOC_STRINGS = NO;
				SWIFT_VERSION = 5.0;
				TARGETED_DEVICE_FAMILY = "1,2";
				TEST_HOST = "$(BUILT_PRODUCTS_DIR)/IOSAppTimetonic.app/$(BUNDLE_EXECUTABLE_FOLDER_PATH)/IOSAppTimetonic";
			};
			name = Release;
		};
		B9D8C4052B5C20E70089D95A /* Debug */ = {
			isa = XCBuildConfiguration;
			buildSettings = {
				ALWAYS_EMBED_SWIFT_STANDARD_LIBRARIES = YES;
				CODE_SIGN_STYLE = Automatic;
				CURRENT_PROJECT_VERSION = 1;
				DEVELOPMENT_TEAM = 89ND8T3N87;
				GENERATE_INFOPLIST_FILE = YES;
				MARKETING_VERSION = 1.0;
				PRODUCT_BUNDLE_IDENTIFIER = com.jaimeAPerez.IOSAppTimetonicUITests;
				PRODUCT_NAME = "$(TARGET_NAME)";
				SWIFT_EMIT_LOC_STRINGS = NO;
				SWIFT_VERSION = 5.0;
				TARGETED_DEVICE_FAMILY = "1,2";
				TEST_TARGET_NAME = IOSAppTimetonic;
			};
			name = Debug;
		};
		B9D8C4062B5C20E70089D95A /* Release */ = {
			isa = XCBuildConfiguration;
			buildSettings = {
				ALWAYS_EMBED_SWIFT_STANDARD_LIBRARIES = YES;
				CODE_SIGN_STYLE = Automatic;
				CURRENT_PROJECT_VERSION = 1;
				DEVELOPMENT_TEAM = 89ND8T3N87;
				GENERATE_INFOPLIST_FILE = YES;
				MARKETING_VERSION = 1.0;
				PRODUCT_BUNDLE_IDENTIFIER = com.jaimeAPerez.IOSAppTimetonicUITests;
				PRODUCT_NAME = "$(TARGET_NAME)";
				SWIFT_EMIT_LOC_STRINGS = NO;
				SWIFT_VERSION = 5.0;
				TARGETED_DEVICE_FAMILY = "1,2";
				TEST_TARGET_NAME = IOSAppTimetonic;
			};
			name = Release;
		};
/* End XCBuildConfiguration section */

/* Begin XCConfigurationList section */
		B9D8C3D52B5C20E60089D95A /* Build configuration list for PBXProject "IOSAppTimetonic" */ = {
			isa = XCConfigurationList;
			buildConfigurations = (
				B9D8C3FC2B5C20E70089D95A /* Debug */,
				B9D8C3FD2B5C20E70089D95A /* Release */,
			);
			defaultConfigurationIsVisible = 0;
			defaultConfigurationName = Release;
		};
		B9D8C3FE2B5C20E70089D95A /* Build configuration list for PBXNativeTarget "IOSAppTimetonic" */ = {
			isa = XCConfigurationList;
			buildConfigurations = (
				B9D8C3FF2B5C20E70089D95A /* Debug */,
				B9D8C4002B5C20E70089D95A /* Release */,
			);
			defaultConfigurationIsVisible = 0;
			defaultConfigurationName = Release;
		};
		B9D8C4012B5C20E70089D95A /* Build configuration list for PBXNativeTarget "IOSAppTimetonicTests" */ = {
			isa = XCConfigurationList;
			buildConfigurations = (
				B9D8C4022B5C20E70089D95A /* Debug */,
				B9D8C4032B5C20E70089D95A /* Release */,
			);
			defaultConfigurationIsVisible = 0;
			defaultConfigurationName = Release;
		};
		B9D8C4042B5C20E70089D95A /* Build configuration list for PBXNativeTarget "IOSAppTimetonicUITests" */ = {
			isa = XCConfigurationList;
			buildConfigurations = (
				B9D8C4052B5C20E70089D95A /* Debug */,
				B9D8C4062B5C20E70089D95A /* Release */,
			);
			defaultConfigurationIsVisible = 0;
			defaultConfigurationName = Release;
		};
/* End XCConfigurationList section */
	};
	rootObject = B9D8C3D22B5C20E60089D95A /* Project object */;
}
